// !$*UTF8*$!
{
	archiveVersion = 1;
	classes = {
	};
	objectVersion = 48;
	objects = {

/* Begin PBXBuildFile section */
		715ABD1E203F359B00C17163 /* AppDelegate.swift in Sources */ = {isa = PBXBuildFile; fileRef = 715ABD1D203F359B00C17163 /* AppDelegate.swift */; };
		715ABD20203F359B00C17163 /* ViewController.swift in Sources */ = {isa = PBXBuildFile; fileRef = 715ABD1F203F359B00C17163 /* ViewController.swift */; };
		715ABD23203F359B00C17163 /* Main.storyboard in Resources */ = {isa = PBXBuildFile; fileRef = 715ABD21203F359B00C17163 /* Main.storyboard */; };
		715ABD25203F359B00C17163 /* Assets.xcassets in Resources */ = {isa = PBXBuildFile; fileRef = 715ABD24203F359B00C17163 /* Assets.xcassets */; };
		715ABD28203F359B00C17163 /* LaunchScreen.storyboard in Resources */ = {isa = PBXBuildFile; fileRef = 715ABD26203F359B00C17163 /* LaunchScreen.storyboard */; };
		715ABD33203F359B00C17163 /* AsynchronousTests.swift in Sources */ = {isa = PBXBuildFile; fileRef = 715ABD32203F359B00C17163 /* AsynchronousTests.swift */; };
		715ABD3E203F359B00C17163 /* AsynchronousUITests.swift in Sources */ = {isa = PBXBuildFile; fileRef = 715ABD3D203F359B00C17163 /* AsynchronousUITests.swift */; };
		715ABD53203F35BF00C17163 /* HomeInteractor.swift in Sources */ = {isa = PBXBuildFile; fileRef = 715ABD4D203F35BF00C17163 /* HomeInteractor.swift */; };
		715ABD54203F35BF00C17163 /* HomeModels.swift in Sources */ = {isa = PBXBuildFile; fileRef = 715ABD4E203F35BF00C17163 /* HomeModels.swift */; };
		715ABD55203F35BF00C17163 /* HomePresenter.swift in Sources */ = {isa = PBXBuildFile; fileRef = 715ABD4F203F35BF00C17163 /* HomePresenter.swift */; };
		715ABD56203F35BF00C17163 /* HomeRouter.swift in Sources */ = {isa = PBXBuildFile; fileRef = 715ABD50203F35BF00C17163 /* HomeRouter.swift */; };
		715ABD57203F35BF00C17163 /* HomeViewController.swift in Sources */ = {isa = PBXBuildFile; fileRef = 715ABD51203F35BF00C17163 /* HomeViewController.swift */; };
		715ABD58203F35BF00C17163 /* HomeWorker.swift in Sources */ = {isa = PBXBuildFile; fileRef = 715ABD52203F35BF00C17163 /* HomeWorker.swift */; };
/* End PBXBuildFile section */

/* Begin PBXContainerItemProxy section */
		715ABD2F203F359B00C17163 /* PBXContainerItemProxy */ = {
			isa = PBXContainerItemProxy;
			containerPortal = 715ABD12203F359B00C17163 /* Project object */;
			proxyType = 1;
			remoteGlobalIDString = 715ABD19203F359B00C17163;
			remoteInfo = Asynchronous;
		};
		715ABD3A203F359B00C17163 /* PBXContainerItemProxy */ = {
			isa = PBXContainerItemProxy;
			containerPortal = 715ABD12203F359B00C17163 /* Project object */;
			proxyType = 1;
			remoteGlobalIDString = 715ABD19203F359B00C17163;
			remoteInfo = Asynchronous;
		};
/* End PBXContainerItemProxy section */

/* Begin PBXFileReference section */
		715ABD1A203F359B00C17163 /* Asynchronous.app */ = {isa = PBXFileReference; explicitFileType = wrapper.application; includeInIndex = 0; path = Asynchronous.app; sourceTree = BUILT_PRODUCTS_DIR; };
		715ABD1D203F359B00C17163 /* AppDelegate.swift */ = {isa = PBXFileReference; lastKnownFileType = sourcecode.swift; path = AppDelegate.swift; sourceTree = "<group>"; };
		715ABD1F203F359B00C17163 /* ViewController.swift */ = {isa = PBXFileReference; lastKnownFileType = sourcecode.swift; path = ViewController.swift; sourceTree = "<group>"; };
		715ABD22203F359B00C17163 /* Base */ = {isa = PBXFileReference; lastKnownFileType = file.storyboard; name = Base; path = Base.lproj/Main.storyboard; sourceTree = "<group>"; };
		715ABD24203F359B00C17163 /* Assets.xcassets */ = {isa = PBXFileReference; lastKnownFileType = folder.assetcatalog; path = Assets.xcassets; sourceTree = "<group>"; };
		715ABD27203F359B00C17163 /* Base */ = {isa = PBXFileReference; lastKnownFileType = file.storyboard; name = Base; path = Base.lproj/LaunchScreen.storyboard; sourceTree = "<group>"; };
		715ABD29203F359B00C17163 /* Info.plist */ = {isa = PBXFileReference; lastKnownFileType = text.plist.xml; path = Info.plist; sourceTree = "<group>"; };
		715ABD2E203F359B00C17163 /* AsynchronousTests.xctest */ = {isa = PBXFileReference; explicitFileType = wrapper.cfbundle; includeInIndex = 0; path = AsynchronousTests.xctest; sourceTree = BUILT_PRODUCTS_DIR; };
		715ABD32203F359B00C17163 /* AsynchronousTests.swift */ = {isa = PBXFileReference; lastKnownFileType = sourcecode.swift; path = AsynchronousTests.swift; sourceTree = "<group>"; };
		715ABD34203F359B00C17163 /* Info.plist */ = {isa = PBXFileReference; lastKnownFileType = text.plist.xml; path = Info.plist; sourceTree = "<group>"; };
		715ABD39203F359B00C17163 /* AsynchronousUITests.xctest */ = {isa = PBXFileReference; explicitFileType = wrapper.cfbundle; includeInIndex = 0; path = AsynchronousUITests.xctest; sourceTree = BUILT_PRODUCTS_DIR; };
		715ABD3D203F359B00C17163 /* AsynchronousUITests.swift */ = {isa = PBXFileReference; lastKnownFileType = sourcecode.swift; path = AsynchronousUITests.swift; sourceTree = "<group>"; };
		715ABD3F203F359B00C17163 /* Info.plist */ = {isa = PBXFileReference; lastKnownFileType = text.plist.xml; path = Info.plist; sourceTree = "<group>"; };
		715ABD4D203F35BF00C17163 /* HomeInteractor.swift */ = {isa = PBXFileReference; lastKnownFileType = sourcecode.swift; path = HomeInteractor.swift; sourceTree = "<group>"; };
		715ABD4E203F35BF00C17163 /* HomeModels.swift */ = {isa = PBXFileReference; lastKnownFileType = sourcecode.swift; path = HomeModels.swift; sourceTree = "<group>"; };
		715ABD4F203F35BF00C17163 /* HomePresenter.swift */ = {isa = PBXFileReference; lastKnownFileType = sourcecode.swift; path = HomePresenter.swift; sourceTree = "<group>"; };
		715ABD50203F35BF00C17163 /* HomeRouter.swift */ = {isa = PBXFileReference; lastKnownFileType = sourcecode.swift; path = HomeRouter.swift; sourceTree = "<group>"; };
		715ABD51203F35BF00C17163 /* HomeViewController.swift */ = {isa = PBXFileReference; lastKnownFileType = sourcecode.swift; path = HomeViewController.swift; sourceTree = "<group>"; };
		715ABD52203F35BF00C17163 /* HomeWorker.swift */ = {isa = PBXFileReference; lastKnownFileType = sourcecode.swift; path = HomeWorker.swift; sourceTree = "<group>"; };
/* End PBXFileReference section */

/* Begin PBXFrameworksBuildPhase section */
		715ABD17203F359B00C17163 /* Frameworks */ = {
			isa = PBXFrameworksBuildPhase;
			buildActionMask = 2147483647;
			files = (
			);
			runOnlyForDeploymentPostprocessing = 0;
		};
		715ABD2B203F359B00C17163 /* Frameworks */ = {
			isa = PBXFrameworksBuildPhase;
			buildActionMask = 2147483647;
			files = (
			);
			runOnlyForDeploymentPostprocessing = 0;
		};
		715ABD36203F359B00C17163 /* Frameworks */ = {
			isa = PBXFrameworksBuildPhase;
			buildActionMask = 2147483647;
			files = (
			);
			runOnlyForDeploymentPostprocessing = 0;
		};
/* End PBXFrameworksBuildPhase section */

/* Begin PBXGroup section */
		715ABD11203F359B00C17163 = {
			isa = PBXGroup;
			children = (
				715ABD1C203F359B00C17163 /* Asynchronous */,
				715ABD31203F359B00C17163 /* AsynchronousTests */,
				715ABD3C203F359B00C17163 /* AsynchronousUITests */,
				715ABD1B203F359B00C17163 /* Products */,
			);
			sourceTree = "<group>";
		};
		715ABD1B203F359B00C17163 /* Products */ = {
			isa = PBXGroup;
			children = (
				715ABD1A203F359B00C17163 /* Asynchronous.app */,
				715ABD2E203F359B00C17163 /* AsynchronousTests.xctest */,
				715ABD39203F359B00C17163 /* AsynchronousUITests.xctest */,
			);
			name = Products;
			sourceTree = "<group>";
		};
		715ABD1C203F359B00C17163 /* Asynchronous */ = {
			isa = PBXGroup;
			children = (
				715ABD4B203F35A800C17163 /* Scenes */,
				715ABD1D203F359B00C17163 /* AppDelegate.swift */,
				715ABD1F203F359B00C17163 /* ViewController.swift */,
				715ABD21203F359B00C17163 /* Main.storyboard */,
				715ABD24203F359B00C17163 /* Assets.xcassets */,
				715ABD26203F359B00C17163 /* LaunchScreen.storyboard */,
				715ABD29203F359B00C17163 /* Info.plist */,
			);
			path = Asynchronous;
			sourceTree = "<group>";
		};
		715ABD31203F359B00C17163 /* AsynchronousTests */ = {
			isa = PBXGroup;
			children = (
				715ABD32203F359B00C17163 /* AsynchronousTests.swift */,
				715ABD34203F359B00C17163 /* Info.plist */,
			);
			path = AsynchronousTests;
			sourceTree = "<group>";
		};
		715ABD3C203F359B00C17163 /* AsynchronousUITests */ = {
			isa = PBXGroup;
			children = (
				715ABD3D203F359B00C17163 /* AsynchronousUITests.swift */,
				715ABD3F203F359B00C17163 /* Info.plist */,
			);
			path = AsynchronousUITests;
			sourceTree = "<group>";
		};
		715ABD4B203F35A800C17163 /* Scenes */ = {
			isa = PBXGroup;
			children = (
				715ABD4C203F35AB00C17163 /* Home */,
			);
			path = Scenes;
			sourceTree = "<group>";
		};
		715ABD4C203F35AB00C17163 /* Home */ = {
			isa = PBXGroup;
			children = (
				715ABD4D203F35BF00C17163 /* HomeInteractor.swift */,
				715ABD4E203F35BF00C17163 /* HomeModels.swift */,
				715ABD4F203F35BF00C17163 /* HomePresenter.swift */,
				715ABD50203F35BF00C17163 /* HomeRouter.swift */,
				715ABD51203F35BF00C17163 /* HomeViewController.swift */,
				715ABD52203F35BF00C17163 /* HomeWorker.swift */,
			);
			path = Home;
			sourceTree = "<group>";
		};
/* End PBXGroup section */

/* Begin PBXNativeTarget section */
		715ABD19203F359B00C17163 /* Asynchronous */ = {
			isa = PBXNativeTarget;
			buildConfigurationList = 715ABD42203F359B00C17163 /* Build configuration list for PBXNativeTarget "Asynchronous" */;
			buildPhases = (
				715ABD16203F359B00C17163 /* Sources */,
				715ABD17203F359B00C17163 /* Frameworks */,
				715ABD18203F359B00C17163 /* Resources */,
			);
			buildRules = (
			);
			dependencies = (
			);
			name = Asynchronous;
			productName = Asynchronous;
			productReference = 715ABD1A203F359B00C17163 /* Asynchronous.app */;
			productType = "com.apple.product-type.application";
		};
		715ABD2D203F359B00C17163 /* AsynchronousTests */ = {
			isa = PBXNativeTarget;
			buildConfigurationList = 715ABD45203F359B00C17163 /* Build configuration list for PBXNativeTarget "AsynchronousTests" */;
			buildPhases = (
				715ABD2A203F359B00C17163 /* Sources */,
				715ABD2B203F359B00C17163 /* Frameworks */,
				715ABD2C203F359B00C17163 /* Resources */,
			);
			buildRules = (
			);
			dependencies = (
				715ABD30203F359B00C17163 /* PBXTargetDependency */,
			);
			name = AsynchronousTests;
			productName = AsynchronousTests;
			productReference = 715ABD2E203F359B00C17163 /* AsynchronousTests.xctest */;
			productType = "com.apple.product-type.bundle.unit-test";
		};
		715ABD38203F359B00C17163 /* AsynchronousUITests */ = {
			isa = PBXNativeTarget;
			buildConfigurationList = 715ABD48203F359B00C17163 /* Build configuration list for PBXNativeTarget "AsynchronousUITests" */;
			buildPhases = (
				715ABD35203F359B00C17163 /* Sources */,
				715ABD36203F359B00C17163 /* Frameworks */,
				715ABD37203F359B00C17163 /* Resources */,
			);
			buildRules = (
			);
			dependencies = (
				715ABD3B203F359B00C17163 /* PBXTargetDependency */,
			);
			name = AsynchronousUITests;
			productName = AsynchronousUITests;
			productReference = 715ABD39203F359B00C17163 /* AsynchronousUITests.xctest */;
			productType = "com.apple.product-type.bundle.ui-testing";
		};
/* End PBXNativeTarget section */

/* Begin PBXProject section */
		715ABD12203F359B00C17163 /* Project object */ = {
			isa = PBXProject;
			attributes = {
				LastSwiftUpdateCheck = 0920;
				LastUpgradeCheck = 0930;
				ORGANIZATIONNAME = "Clean Swift LLC";
				TargetAttributes = {
					715ABD19203F359B00C17163 = {
						CreatedOnToolsVersion = 9.2;
						ProvisioningStyle = Automatic;
					};
					715ABD2D203F359B00C17163 = {
						CreatedOnToolsVersion = 9.2;
						ProvisioningStyle = Automatic;
						TestTargetID = 715ABD19203F359B00C17163;
					};
					715ABD38203F359B00C17163 = {
						CreatedOnToolsVersion = 9.2;
						ProvisioningStyle = Automatic;
						TestTargetID = 715ABD19203F359B00C17163;
					};
				};
			};
			buildConfigurationList = 715ABD15203F359B00C17163 /* Build configuration list for PBXProject "Asynchronous" */;
			compatibilityVersion = "Xcode 8.0";
			developmentRegion = en;
			hasScannedForEncodings = 0;
			knownRegions = (
				en,
				Base,
			);
			mainGroup = 715ABD11203F359B00C17163;
			productRefGroup = 715ABD1B203F359B00C17163 /* Products */;
			projectDirPath = "";
			projectRoot = "";
			targets = (
				715ABD19203F359B00C17163 /* Asynchronous */,
				715ABD2D203F359B00C17163 /* AsynchronousTests */,
				715ABD38203F359B00C17163 /* AsynchronousUITests */,
			);
		};
/* End PBXProject section */

/* Begin PBXResourcesBuildPhase section */
		715ABD18203F359B00C17163 /* Resources */ = {
			isa = PBXResourcesBuildPhase;
			buildActionMask = 2147483647;
			files = (
				715ABD28203F359B00C17163 /* LaunchScreen.storyboard in Resources */,
				715ABD25203F359B00C17163 /* Assets.xcassets in Resources */,
				715ABD23203F359B00C17163 /* Main.storyboard in Resources */,
			);
			runOnlyForDeploymentPostprocessing = 0;
		};
		715ABD2C203F359B00C17163 /* Resources */ = {
			isa = PBXResourcesBuildPhase;
			buildActionMask = 2147483647;
			files = (
			);
			runOnlyForDeploymentPostprocessing = 0;
		};
		715ABD37203F359B00C17163 /* Resources */ = {
			isa = PBXResourcesBuildPhase;
			buildActionMask = 2147483647;
			files = (
			);
			runOnlyForDeploymentPostprocessing = 0;
		};
/* End PBXResourcesBuildPhase section */

/* Begin PBXSourcesBuildPhase section */
		715ABD16203F359B00C17163 /* Sources */ = {
			isa = PBXSourcesBuildPhase;
			buildActionMask = 2147483647;
			files = (
				715ABD54203F35BF00C17163 /* HomeModels.swift in Sources */,
				715ABD56203F35BF00C17163 /* HomeRouter.swift in Sources */,
				715ABD53203F35BF00C17163 /* HomeInteractor.swift in Sources */,
				715ABD20203F359B00C17163 /* ViewController.swift in Sources */,
				715ABD55203F35BF00C17163 /* HomePresenter.swift in Sources */,
				715ABD57203F35BF00C17163 /* HomeViewController.swift in Sources */,
				715ABD58203F35BF00C17163 /* HomeWorker.swift in Sources */,
				715ABD1E203F359B00C17163 /* AppDelegate.swift in Sources */,
			);
			runOnlyForDeploymentPostprocessing = 0;
		};
		715ABD2A203F359B00C17163 /* Sources */ = {
			isa = PBXSourcesBuildPhase;
			buildActionMask = 2147483647;
			files = (
				715ABD33203F359B00C17163 /* AsynchronousTests.swift in Sources */,
			);
			runOnlyForDeploymentPostprocessing = 0;
		};
		715ABD35203F359B00C17163 /* Sources */ = {
			isa = PBXSourcesBuildPhase;
			buildActionMask = 2147483647;
			files = (
				715ABD3E203F359B00C17163 /* AsynchronousUITests.swift in Sources */,
			);
			runOnlyForDeploymentPostprocessing = 0;
		};
/* End PBXSourcesBuildPhase section */

/* Begin PBXTargetDependency section */
		715ABD30203F359B00C17163 /* PBXTargetDependency */ = {
			isa = PBXTargetDependency;
			target = 715ABD19203F359B00C17163 /* Asynchronous */;
			targetProxy = 715ABD2F203F359B00C17163 /* PBXContainerItemProxy */;
		};
		715ABD3B203F359B00C17163 /* PBXTargetDependency */ = {
			isa = PBXTargetDependency;
			target = 715ABD19203F359B00C17163 /* Asynchronous */;
			targetProxy = 715ABD3A203F359B00C17163 /* PBXContainerItemProxy */;
		};
/* End PBXTargetDependency section */

/* Begin PBXVariantGroup section */
		715ABD21203F359B00C17163 /* Main.storyboard */ = {
			isa = PBXVariantGroup;
			children = (
				715ABD22203F359B00C17163 /* Base */,
			);
			name = Main.storyboard;
			sourceTree = "<group>";
		};
		715ABD26203F359B00C17163 /* LaunchScreen.storyboard */ = {
			isa = PBXVariantGroup;
			children = (
				715ABD27203F359B00C17163 /* Base */,
			);
			name = LaunchScreen.storyboard;
			sourceTree = "<group>";
		};
/* End PBXVariantGroup section */

/* Begin XCBuildConfiguration section */
		715ABD40203F359B00C17163 /* Debug */ = {
			isa = XCBuildConfiguration;
			buildSettings = {
				ALWAYS_SEARCH_USER_PATHS = NO;
				CLANG_ANALYZER_NONNULL = YES;
				CLANG_ANALYZER_NUMBER_OBJECT_CONVERSION = YES_AGGRESSIVE;
				CLANG_CXX_LANGUAGE_STANDARD = "gnu++14";
				CLANG_CXX_LIBRARY = "libc++";
				CLANG_ENABLE_MODULES = YES;
				CLANG_ENABLE_OBJC_ARC = YES;
				CLANG_WARN_BLOCK_CAPTURE_AUTORELEASING = YES;
				CLANG_WARN_BOOL_CONVERSION = YES;
				CLANG_WARN_COMMA = YES;
				CLANG_WARN_CONSTANT_CONVERSION = YES;
				CLANG_WARN_DEPRECATED_OBJC_IMPLEMENTATIONS = YES;
				CLANG_WARN_DIRECT_OBJC_ISA_USAGE = YES_ERROR;
				CLANG_WARN_DOCUMENTATION_COMMENTS = YES;
				CLANG_WARN_EMPTY_BODY = YES;
				CLANG_WARN_ENUM_CONVERSION = YES;
				CLANG_WARN_INFINITE_RECURSION = YES;
				CLANG_WARN_INT_CONVERSION = YES;
				CLANG_WARN_NON_LITERAL_NULL_CONVERSION = YES;
				CLANG_WARN_OBJC_IMPLICIT_RETAIN_SELF = YES;
				CLANG_WARN_OBJC_LITERAL_CONVERSION = YES;
				CLANG_WARN_OBJC_ROOT_CLASS = YES_ERROR;
				CLANG_WARN_RANGE_LOOP_ANALYSIS = YES;
				CLANG_WARN_STRICT_PROTOTYPES = YES;
				CLANG_WARN_SUSPICIOUS_MOVE = YES;
				CLANG_WARN_UNGUARDED_AVAILABILITY = YES_AGGRESSIVE;
				CLANG_WARN_UNREACHABLE_CODE = YES;
				CLANG_WARN__DUPLICATE_METHOD_MATCH = YES;
				CODE_SIGN_IDENTITY = "iPhone Developer";
				COPY_PHASE_STRIP = NO;
				DEBUG_INFORMATION_FORMAT = dwarf;
				ENABLE_STRICT_OBJC_MSGSEND = YES;
				ENABLE_TESTABILITY = YES;
				GCC_C_LANGUAGE_STANDARD = gnu11;
				GCC_DYNAMIC_NO_PIC = NO;
				GCC_NO_COMMON_BLOCKS = YES;
				GCC_OPTIMIZATION_LEVEL = 0;
				GCC_PREPROCESSOR_DEFINITIONS = (
					"DEBUG=1",
					"$(inherited)",
				);
				GCC_WARN_64_TO_32_BIT_CONVERSION = YES;
				GCC_WARN_ABOUT_RETURN_TYPE = YES_ERROR;
				GCC_WARN_UNDECLARED_SELECTOR = YES;
				GCC_WARN_UNINITIALIZED_AUTOS = YES_AGGRESSIVE;
				GCC_WARN_UNUSED_FUNCTION = YES;
				GCC_WARN_UNUSED_VARIABLE = YES;
				IPHONEOS_DEPLOYMENT_TARGET = 11.3;
				MTL_ENABLE_DEBUG_INFO = YES;
				ONLY_ACTIVE_ARCH = YES;
				SDKROOT = iphoneos;
				SWIFT_ACTIVE_COMPILATION_CONDITIONS = DEBUG;
				SWIFT_OPTIMIZATION_LEVEL = "-Onone";
			};
			name = Debug;
		};
		715ABD41203F359B00C17163 /* Release */ = {
			isa = XCBuildConfiguration;
			buildSettings = {
				ALWAYS_SEARCH_USER_PATHS = NO;
				CLANG_ANALYZER_NONNULL = YES;
				CLANG_ANALYZER_NUMBER_OBJECT_CONVERSION = YES_AGGRESSIVE;
				CLANG_CXX_LANGUAGE_STANDARD = "gnu++14";
				CLANG_CXX_LIBRARY = "libc++";
				CLANG_ENABLE_MODULES = YES;
				CLANG_ENABLE_OBJC_ARC = YES;
				CLANG_WARN_BLOCK_CAPTURE_AUTORELEASING = YES;
				CLANG_WARN_BOOL_CONVERSION = YES;
				CLANG_WARN_COMMA = YES;
				CLANG_WARN_CONSTANT_CONVERSION = YES;
				CLANG_WARN_DEPRECATED_OBJC_IMPLEMENTATIONS = YES;
				CLANG_WARN_DIRECT_OBJC_ISA_USAGE = YES_ERROR;
				CLANG_WARN_DOCUMENTATION_COMMENTS = YES;
				CLANG_WARN_EMPTY_BODY = YES;
				CLANG_WARN_ENUM_CONVERSION = YES;
				CLANG_WARN_INFINITE_RECURSION = YES;
				CLANG_WARN_INT_CONVERSION = YES;
				CLANG_WARN_NON_LITERAL_NULL_CONVERSION = YES;
				CLANG_WARN_OBJC_IMPLICIT_RETAIN_SELF = YES;
				CLANG_WARN_OBJC_LITERAL_CONVERSION = YES;
				CLANG_WARN_OBJC_ROOT_CLASS = YES_ERROR;
				CLANG_WARN_RANGE_LOOP_ANALYSIS = YES;
				CLANG_WARN_STRICT_PROTOTYPES = YES;
				CLANG_WARN_SUSPICIOUS_MOVE = YES;
				CLANG_WARN_UNGUARDED_AVAILABILITY = YES_AGGRESSIVE;
				CLANG_WARN_UNREACHABLE_CODE = YES;
				CLANG_WARN__DUPLICATE_METHOD_MATCH = YES;
				CODE_SIGN_IDENTITY = "iPhone Developer";
				COPY_PHASE_STRIP = NO;
				DEBUG_INFORMATION_FORMAT = "dwarf-with-dsym";
				ENABLE_NS_ASSERTIONS = NO;
				ENABLE_STRICT_OBJC_MSGSEND = YES;
				GCC_C_LANGUAGE_STANDARD = gnu11;
				GCC_NO_COMMON_BLOCKS = YES;
				GCC_WARN_64_TO_32_BIT_CONVERSION = YES;
				GCC_WARN_ABOUT_RETURN_TYPE = YES_ERROR;
				GCC_WARN_UNDECLARED_SELECTOR = YES;
				GCC_WARN_UNINITIALIZED_AUTOS = YES_AGGRESSIVE;
				GCC_WARN_UNUSED_FUNCTION = YES;
				GCC_WARN_UNUSED_VARIABLE = YES;
				IPHONEOS_DEPLOYMENT_TARGET = 11.3;
				MTL_ENABLE_DEBUG_INFO = NO;
				SDKROOT = iphoneos;
				SWIFT_OPTIMIZATION_LEVEL = "-Owholemodule";
				VALIDATE_PRODUCT = YES;
			};
			name = Release;
		};
		715ABD43203F359B00C17163 /* Debug */ = {
			isa = XCBuildConfiguration;
			buildSettings = {
				ASSETCATALOG_COMPILER_APPICON_NAME = AppIcon;
				CODE_SIGN_STYLE = Automatic;
				DEVELOPMENT_TEAM = 5LBZDN8XB8;
				INFOPLIST_FILE = Asynchronous/Info.plist;
				LD_RUNPATH_SEARCH_PATHS = "$(inherited) @executable_path/Frameworks";
				PRODUCT_BUNDLE_IDENTIFIER = "com.clean-swift.Asynchronous";
				PRODUCT_NAME = "$(TARGET_NAME)";
				SWIFT_VERSION = 4.0;
				TARGETED_DEVICE_FAMILY = "1,2";
			};
			name = Debug;
		};
		715ABD44203F359B00C17163 /* Release */ = {
			isa = XCBuildConfiguration;
			buildSettings = {
				ASSETCATALOG_COMPILER_APPICON_NAME = AppIcon;
				CODE_SIGN_STYLE = Automatic;
				DEVELOPMENT_TEAM = 5LBZDN8XB8;
				INFOPLIST_FILE = Asynchronous/Info.plist;
				LD_RUNPATH_SEARCH_PATHS = "$(inherited) @executable_path/Frameworks";
				PRODUCT_BUNDLE_IDENTIFIER = "com.clean-swift.Asynchronous";
				PRODUCT_NAME = "$(TARGET_NAME)";
				SWIFT_VERSION = 4.0;
				TARGETED_DEVICE_FAMILY = "1,2";
			};
			name = Release;
		};
		715ABD46203F359B00C17163 /* Debug */ = {
			isa = XCBuildConfiguration;
			buildSettings = {
				ALWAYS_EMBED_SWIFT_STANDARD_LIBRARIES = YES;
				BUNDLE_LOADER = "$(TEST_HOST)";
				CODE_SIGN_STYLE = Automatic;
				DEVELOPMENT_TEAM = 5LBZDN8XB8;
				INFOPLIST_FILE = AsynchronousTests/Info.plist;
				LD_RUNPATH_SEARCH_PATHS = "$(inherited) @executable_path/Frameworks @loader_path/Frameworks";
				PRODUCT_BUNDLE_IDENTIFIER = "com.clean-swift.AsynchronousTests";
				PRODUCT_NAME = "$(TARGET_NAME)";
				SWIFT_VERSION = 4.0;
				TARGETED_DEVICE_FAMILY = "1,2";
				TEST_HOST = "$(BUILT_PRODUCTS_DIR)/Asynchronous.app/Asynchronous";
			};
			name = Debug;
		};
		715ABD47203F359B00C17163 /* Release */ = {
			isa = XCBuildConfiguration;
			buildSettings = {
				ALWAYS_EMBED_SWIFT_STANDARD_LIBRARIES = YES;
				BUNDLE_LOADER = "$(TEST_HOST)";
				CODE_SIGN_STYLE = Automatic;
				DEVELOPMENT_TEAM = 5LBZDN8XB8;
				INFOPLIST_FILE = AsynchronousTests/Info.plist;
				LD_RUNPATH_SEARCH_PATHS = "$(inherited) @executable_path/Frameworks @loader_path/Frameworks";
				PRODUCT_BUNDLE_IDENTIFIER = "com.clean-swift.AsynchronousTests";
				PRODUCT_NAME = "$(TARGET_NAME)";
				SWIFT_VERSION = 4.0;
				TARGETED_DEVICE_FAMILY = "1,2";
				TEST_HOST = "$(BUILT_PRODUCTS_DIR)/Asynchronous.app/Asynchronous";
			};
			name = Release;
		};
		715ABD49203F359B00C17163 /* Debug */ = {
			isa = XCBuildConfiguration;
			buildSettings = {
				ALWAYS_EMBED_SWIFT_STANDARD_LIBRARIES = YES;
				CODE_SIGN_STYLE = Automatic;
				DEVELOPMENT_TEAM = 5LBZDN8XB8;
				INFOPLIST_FILE = AsynchronousUITests/Info.plist;
				LD_RUNPATH_SEARCH_PATHS = "$(inherited) @executable_path/Frameworks @loader_path/Frameworks";
				PRODUCT_BUNDLE_IDENTIFIER = "com.clean-swift.AsynchronousUITests";
				PRODUCT_NAME = "$(TARGET_NAME)";
				SWIFT_VERSION = 4.0;
				TARGETED_DEVICE_FAMILY = "1,2";
				TEST_TARGET_NAME = Asynchronous;
			};
			name = Debug;
		};
		715ABD4A203F359B00C17163 /* Release */ = {
			isa = XCBuildConfiguration;
			buildSettings = {
				ALWAYS_EMBED_SWIFT_STANDARD_LIBRARIES = YES;
				CODE_SIGN_STYLE = Automatic;
				DEVELOPMENT_TEAM = 5LBZDN8XB8;
				INFOPLIST_FILE = AsynchronousUITests/Info.plist;
				LD_RUNPATH_SEARCH_PATHS = "$(inherited) @executable_path/Frameworks @loader_path/Frameworks";
				PRODUCT_BUNDLE_IDENTIFIER = "com.clean-swift.AsynchronousUITests";
				PRODUCT_NAME = "$(TARGET_NAME)";
				SWIFT_VERSION = 4.0;
				TARGETED_DEVICE_FAMILY = "1,2";
				TEST_TARGET_NAME = Asynchronous;
			};
			name = Release;
		};
/* End XCBuildConfiguration section */

/* Begin XCConfigurationList section */
		715ABD15203F359B00C17163 /* Build configuration list for PBXProject "Asynchronous" */ = {
			isa = XCConfigurationList;
			buildConfigurations = (
				715ABD40203F359B00C17163 /* Debug */,
				715ABD41203F359B00C17163 /* Release */,
			);
			defaultConfigurationIsVisible = 0;
			defaultConfigurationName = Release;
		};
		715ABD42203F359B00C17163 /* Build configuration list for PBXNativeTarget "Asynchronous" */ = {
			isa = XCConfigurationList;
			buildConfigurations = (
				715ABD43203F359B00C17163 /* Debug */,
				715ABD44203F359B00C17163 /* Release */,
			);
			defaultConfigurationIsVisible = 0;
			defaultConfigurationName = Release;
		};
		715ABD45203F359B00C17163 /* Build configuration list for PBXNativeTarget "AsynchronousTests" */ = {
			isa = XCConfigurationList;
			buildConfigurations = (
				715ABD46203F359B00C17163 /* Debug */,
				715ABD47203F359B00C17163 /* Release */,
			);
			defaultConfigurationIsVisible = 0;
			defaultConfigurationName = Release;
		};
		715ABD48203F359B00C17163 /* Build configuration list for PBXNativeTarget "AsynchronousUITests" */ = {
			isa = XCConfigurationList;
			buildConfigurations = (
				715ABD49203F359B00C17163 /* Debug */,
				715ABD4A203F359B00C17163 /* Release */,
			);
			defaultConfigurationIsVisible = 0;
			defaultConfigurationName = Release;
		};
/* End XCConfigurationList section */
	};
	rootObject = 715ABD12203F359B00C17163 /* Project object */;
}
